// !$*UTF8*$!
{
	archiveVersion = 1;
	classes = {
	};
	objectVersion = 56;
	objects = {

/* Begin PBXBuildFile section */
		D01B06212AD553CB0036E876 /* spookCityApp.swift in Sources */ = {isa = PBXBuildFile; fileRef = D01B06202AD553CB0036E876 /* spookCityApp.swift */; };
		D01B06232AD553CB0036E876 /* ContentView.swift in Sources */ = {isa = PBXBuildFile; fileRef = D01B06222AD553CB0036E876 /* ContentView.swift */; };
		D01B06252AD553CD0036E876 /* Assets.xcassets in Resources */ = {isa = PBXBuildFile; fileRef = D01B06242AD553CD0036E876 /* Assets.xcassets */; };
		D01B06292AD553CD0036E876 /* Preview Assets.xcassets in Resources */ = {isa = PBXBuildFile; fileRef = D01B06282AD553CD0036E876 /* Preview Assets.xcassets */; };
		D01B06332AD553CD0036E876 /* spookCityTests.swift in Sources */ = {isa = PBXBuildFile; fileRef = D01B06322AD553CD0036E876 /* spookCityTests.swift */; };
		D01B063D2AD553CD0036E876 /* spookCityUITests.swift in Sources */ = {isa = PBXBuildFile; fileRef = D01B063C2AD553CD0036E876 /* spookCityUITests.swift */; };
		D01B063F2AD553CD0036E876 /* spookCityUITestsLaunchTests.swift in Sources */ = {isa = PBXBuildFile; fileRef = D01B063E2AD553CD0036E876 /* spookCityUITestsLaunchTests.swift */; };
/* End PBXBuildFile section */

/* Begin PBXContainerItemProxy section */
		D01B062F2AD553CD0036E876 /* PBXContainerItemProxy */ = {
			isa = PBXContainerItemProxy;
			containerPortal = D01B06152AD553CB0036E876 /* Project object */;
			proxyType = 1;
			remoteGlobalIDString = D01B061C2AD553CB0036E876;
			remoteInfo = spookCity;
		};
		D01B06392AD553CD0036E876 /* PBXContainerItemProxy */ = {
			isa = PBXContainerItemProxy;
			containerPortal = D01B06152AD553CB0036E876 /* Project object */;
			proxyType = 1;
			remoteGlobalIDString = D01B061C2AD553CB0036E876;
			remoteInfo = spookCity;
		};
/* End PBXContainerItemProxy section */

/* Begin PBXFileReference section */
		D01B061D2AD553CB0036E876 /* spookCity.app */ = {isa = PBXFileReference; explicitFileType = wrapper.application; includeInIndex = 0; path = spookCity.app; sourceTree = BUILT_PRODUCTS_DIR; };
		D01B06202AD553CB0036E876 /* spookCityApp.swift */ = {isa = PBXFileReference; lastKnownFileType = sourcecode.swift; path = spookCityApp.swift; sourceTree = "<group>"; };
		D01B06222AD553CB0036E876 /* ContentView.swift */ = {isa = PBXFileReference; lastKnownFileType = sourcecode.swift; path = ContentView.swift; sourceTree = "<group>"; };
		D01B06242AD553CD0036E876 /* Assets.xcassets */ = {isa = PBXFileReference; lastKnownFileType = folder.assetcatalog; path = Assets.xcassets; sourceTree = "<group>"; };
		D01B06262AD553CD0036E876 /* spookCity.entitlements */ = {isa = PBXFileReference; lastKnownFileType = text.plist.entitlements; path = spookCity.entitlements; sourceTree = "<group>"; };
		D01B06282AD553CD0036E876 /* Preview Assets.xcassets */ = {isa = PBXFileReference; lastKnownFileType = folder.assetcatalog; path = "Preview Assets.xcassets"; sourceTree = "<group>"; };
		D01B062E2AD553CD0036E876 /* spookCityTests.xctest */ = {isa = PBXFileReference; explicitFileType = wrapper.cfbundle; includeInIndex = 0; path = spookCityTests.xctest; sourceTree = BUILT_PRODUCTS_DIR; };
		D01B06322AD553CD0036E876 /* spookCityTests.swift */ = {isa = PBXFileReference; lastKnownFileType = sourcecode.swift; path = spookCityTests.swift; sourceTree = "<group>"; };
		D01B06382AD553CD0036E876 /* spookCityUITests.xctest */ = {isa = PBXFileReference; explicitFileType = wrapper.cfbundle; includeInIndex = 0; path = spookCityUITests.xctest; sourceTree = BUILT_PRODUCTS_DIR; };
		D01B063C2AD553CD0036E876 /* spookCityUITests.swift */ = {isa = PBXFileReference; lastKnownFileType = sourcecode.swift; path = spookCityUITests.swift; sourceTree = "<group>"; };
		D01B063E2AD553CD0036E876 /* spookCityUITestsLaunchTests.swift */ = {isa = PBXFileReference; lastKnownFileType = sourcecode.swift; path = spookCityUITestsLaunchTests.swift; sourceTree = "<group>"; };
/* End PBXFileReference section */

/* Begin PBXFrameworksBuildPhase section */
		D01B061A2AD553CB0036E876 /* Frameworks */ = {
			isa = PBXFrameworksBuildPhase;
			buildActionMask = 2147483647;
			files = (
			);
			runOnlyForDeploymentPostprocessing = 0;
		};
		D01B062B2AD553CD0036E876 /* Frameworks */ = {
			isa = PBXFrameworksBuildPhase;
			buildActionMask = 2147483647;
			files = (
			);
			runOnlyForDeploymentPostprocessing = 0;
		};
		D01B06352AD553CD0036E876 /* Frameworks */ = {
			isa = PBXFrameworksBuildPhase;
			buildActionMask = 2147483647;
			files = (
			);
			runOnlyForDeploymentPostprocessing = 0;
		};
/* End PBXFrameworksBuildPhase section */

/* Begin PBXGroup section */
		D01B06142AD553CB0036E876 = {
			isa = PBXGroup;
			children = (
				D01B061F2AD553CB0036E876 /* spookCity */,
				D01B06312AD553CD0036E876 /* spookCityTests */,
				D01B063B2AD553CD0036E876 /* spookCityUITests */,
				D01B061E2AD553CB0036E876 /* Products */,
			);
			sourceTree = "<group>";
		};
		D01B061E2AD553CB0036E876 /* Products */ = {
			isa = PBXGroup;
			children = (
				D01B061D2AD553CB0036E876 /* spookCity.app */,
				D01B062E2AD553CD0036E876 /* spookCityTests.xctest */,
				D01B06382AD553CD0036E876 /* spookCityUITests.xctest */,
			);
			name = Products;
			sourceTree = "<group>";
		};
		D01B061F2AD553CB0036E876 /* spookCity */ = {
			isa = PBXGroup;
			children = (
				D01B06202AD553CB0036E876 /* spookCityApp.swift */,
				D01B06222AD553CB0036E876 /* ContentView.swift */,
				D01B06242AD553CD0036E876 /* Assets.xcassets */,
				D01B06262AD553CD0036E876 /* spookCity.entitlements */,
				D01B06272AD553CD0036E876 /* Preview Content */,
			);
			path = spookCity;
			sourceTree = "<group>";
		};
		D01B06272AD553CD0036E876 /* Preview Content */ = {
			isa = PBXGroup;
			children = (
				D01B06282AD553CD0036E876 /* Preview Assets.xcassets */,
			);
			path = "Preview Content";
			sourceTree = "<group>";
		};
		D01B06312AD553CD0036E876 /* spookCityTests */ = {
			isa = PBXGroup;
			children = (
				D01B06322AD553CD0036E876 /* spookCityTests.swift */,
			);
			path = spookCityTests;
			sourceTree = "<group>";
		};
		D01B063B2AD553CD0036E876 /* spookCityUITests */ = {
			isa = PBXGroup;
			children = (
				D01B063C2AD553CD0036E876 /* spookCityUITests.swift */,
				D01B063E2AD553CD0036E876 /* spookCityUITestsLaunchTests.swift */,
			);
			path = spookCityUITests;
			sourceTree = "<group>";
		};
/* End PBXGroup section */

/* Begin PBXNativeTarget section */
		D01B061C2AD553CB0036E876 /* spookCity */ = {
			isa = PBXNativeTarget;
			buildConfigurationList = D01B06422AD553CD0036E876 /* Build configuration list for PBXNativeTarget "spookCity" */;
			buildPhases = (
				D01B06192AD553CB0036E876 /* Sources */,
				D01B061A2AD553CB0036E876 /* Frameworks */,
				D01B061B2AD553CB0036E876 /* Resources */,
			);
			buildRules = (
			);
			dependencies = (
			);
			name = spookCity;
			productName = spookCity;
			productReference = D01B061D2AD553CB0036E876 /* spookCity.app */;
			productType = "com.apple.product-type.application";
		};
		D01B062D2AD553CD0036E876 /* spookCityTests */ = {
			isa = PBXNativeTarget;
			buildConfigurationList = D01B06452AD553CD0036E876 /* Build configuration list for PBXNativeTarget "spookCityTests" */;
			buildPhases = (
				D01B062A2AD553CD0036E876 /* Sources */,
				D01B062B2AD553CD0036E876 /* Frameworks */,
				D01B062C2AD553CD0036E876 /* Resources */,
			);
			buildRules = (
			);
			dependencies = (
				D01B06302AD553CD0036E876 /* PBXTargetDependency */,
			);
			name = spookCityTests;
			productName = spookCityTests;
			productReference = D01B062E2AD553CD0036E876 /* spookCityTests.xctest */;
			productType = "com.apple.product-type.bundle.unit-test";
		};
		D01B06372AD553CD0036E876 /* spookCityUITests */ = {
			isa = PBXNativeTarget;
			buildConfigurationList = D01B06482AD553CD0036E876 /* Build configuration list for PBXNativeTarget "spookCityUITests" */;
			buildPhases = (
				D01B06342AD553CD0036E876 /* Sources */,
				D01B06352AD553CD0036E876 /* Frameworks */,
				D01B06362AD553CD0036E876 /* Resources */,
			);
			buildRules = (
			);
			dependencies = (
				D01B063A2AD553CD0036E876 /* PBXTargetDependency */,
			);
			name = spookCityUITests;
			productName = spookCityUITests;
			productReference = D01B06382AD553CD0036E876 /* spookCityUITests.xctest */;
			productType = "com.apple.product-type.bundle.ui-testing";
		};
/* End PBXNativeTarget section */

/* Begin PBXProject section */
		D01B06152AD553CB0036E876 /* Project object */ = {
			isa = PBXProject;
			attributes = {
				BuildIndependentTargetsInParallel = 1;
				LastSwiftUpdateCheck = 1500;
				LastUpgradeCheck = 1500;
				TargetAttributes = {
					D01B061C2AD553CB0036E876 = {
						CreatedOnToolsVersion = 15.0;
					};
					D01B062D2AD553CD0036E876 = {
						CreatedOnToolsVersion = 15.0;
						TestTargetID = D01B061C2AD553CB0036E876;
					};
					D01B06372AD553CD0036E876 = {
						CreatedOnToolsVersion = 15.0;
						TestTargetID = D01B061C2AD553CB0036E876;
					};
				};
			};
			buildConfigurationList = D01B06182AD553CB0036E876 /* Build configuration list for PBXProject "spookCity" */;
			compatibilityVersion = "Xcode 14.0";
			developmentRegion = en;
			hasScannedForEncodings = 0;
			knownRegions = (
				en,
				Base,
			);
			mainGroup = D01B06142AD553CB0036E876;
			productRefGroup = D01B061E2AD553CB0036E876 /* Products */;
			projectDirPath = "";
			projectRoot = "";
			targets = (
				D01B061C2AD553CB0036E876 /* spookCity */,
				D01B062D2AD553CD0036E876 /* spookCityTests */,
				D01B06372AD553CD0036E876 /* spookCityUITests */,
			);
		};
/* End PBXProject section */

/* Begin PBXResourcesBuildPhase section */
		D01B061B2AD553CB0036E876 /* Resources */ = {
			isa = PBXResourcesBuildPhase;
			buildActionMask = 2147483647;
			files = (
				D01B06292AD553CD0036E876 /* Preview Assets.xcassets in Resources */,
				D01B06252AD553CD0036E876 /* Assets.xcassets in Resources */,
			);
			runOnlyForDeploymentPostprocessing = 0;
		};
		D01B062C2AD553CD0036E876 /* Resources */ = {
			isa = PBXResourcesBuildPhase;
			buildActionMask = 2147483647;
			files = (
			);
			runOnlyForDeploymentPostprocessing = 0;
		};
		D01B06362AD553CD0036E876 /* Resources */ = {
			isa = PBXResourcesBuildPhase;
			buildActionMask = 2147483647;
			files = (
			);
			runOnlyForDeploymentPostprocessing = 0;
		};
/* End PBXResourcesBuildPhase section */

/* Begin PBXSourcesBuildPhase section */
		D01B06192AD553CB0036E876 /* Sources */ = {
			isa = PBXSourcesBuildPhase;
			buildActionMask = 2147483647;
			files = (
				D01B06232AD553CB0036E876 /* ContentView.swift in Sources */,
				D01B06212AD553CB0036E876 /* spookCityApp.swift in Sources */,
			);
			runOnlyForDeploymentPostprocessing = 0;
		};
		D01B062A2AD553CD0036E876 /* Sources */ = {
			isa = PBXSourcesBuildPhase;
			buildActionMask = 2147483647;
			files = (
				D01B06332AD553CD0036E876 /* spookCityTests.swift in Sources */,
			);
			runOnlyForDeploymentPostprocessing = 0;
		};
		D01B06342AD553CD0036E876 /* Sources */ = {
			isa = PBXSourcesBuildPhase;
			buildActionMask = 2147483647;
			files = (
				D01B063F2AD553CD0036E876 /* spookCityUITestsLaunchTests.swift in Sources */,
				D01B063D2AD553CD0036E876 /* spookCityUITests.swift in Sources */,
			);
			runOnlyForDeploymentPostprocessing = 0;
		};
/* End PBXSourcesBuildPhase section */

/* Begin PBXTargetDependency section */
		D01B06302AD553CD0036E876 /* PBXTargetDependency */ = {
			isa = PBXTargetDependency;
			target = D01B061C2AD553CB0036E876 /* spookCity */;
			targetProxy = D01B062F2AD553CD0036E876 /* PBXContainerItemProxy */;
		};
		D01B063A2AD553CD0036E876 /* PBXTargetDependency */ = {
			isa = PBXTargetDependency;
			target = D01B061C2AD553CB0036E876 /* spookCity */;
			targetProxy = D01B06392AD553CD0036E876 /* PBXContainerItemProxy */;
		};
/* End PBXTargetDependency section */

/* Begin XCBuildConfiguration section */
		D01B06402AD553CD0036E876 /* Debug */ = {
			isa = XCBuildConfiguration;
			buildSettings = {
				ALWAYS_SEARCH_USER_PATHS = NO;
				ASSETCATALOG_COMPILER_GENERATE_SWIFT_ASSET_SYMBOL_EXTENSIONS = YES;
				CLANG_ANALYZER_NONNULL = YES;
				CLANG_ANALYZER_NUMBER_OBJECT_CONVERSION = YES_AGGRESSIVE;
				CLANG_CXX_LANGUAGE_STANDARD = "gnu++20";
				CLANG_ENABLE_MODULES = YES;
				CLANG_ENABLE_OBJC_ARC = YES;
				CLANG_ENABLE_OBJC_WEAK = YES;
				CLANG_WARN_BLOCK_CAPTURE_AUTORELEASING = YES;
				CLANG_WARN_BOOL_CONVERSION = YES;
				CLANG_WARN_COMMA = YES;
				CLANG_WARN_CONSTANT_CONVERSION = YES;
				CLANG_WARN_DEPRECATED_OBJC_IMPLEMENTATIONS = YES;
				CLANG_WARN_DIRECT_OBJC_ISA_USAGE = YES_ERROR;
				CLANG_WARN_DOCUMENTATION_COMMENTS = YES;
				CLANG_WARN_EMPTY_BODY = YES;
				CLANG_WARN_ENUM_CONVERSION = YES;
				CLANG_WARN_INFINITE_RECURSION = YES;
				CLANG_WARN_INT_CONVERSION = YES;
				CLANG_WARN_NON_LITERAL_NULL_CONVERSION = YES;
				CLANG_WARN_OBJC_IMPLICIT_RETAIN_SELF = YES;
				CLANG_WARN_OBJC_LITERAL_CONVERSION = YES;
				CLANG_WARN_OBJC_ROOT_CLASS = YES_ERROR;
				CLANG_WARN_QUOTED_INCLUDE_IN_FRAMEWORK_HEADER = YES;
				CLANG_WARN_RANGE_LOOP_ANALYSIS = YES;
				CLANG_WARN_STRICT_PROTOTYPES = YES;
				CLANG_WARN_SUSPICIOUS_MOVE = YES;
				CLANG_WARN_UNGUARDED_AVAILABILITY = YES_AGGRESSIVE;
				CLANG_WARN_UNREACHABLE_CODE = YES;
				CLANG_WARN__DUPLICATE_METHOD_MATCH = YES;
				COPY_PHASE_STRIP = NO;
				DEBUG_INFORMATION_FORMAT = dwarf;
				ENABLE_STRICT_OBJC_MSGSEND = YES;
				ENABLE_TESTABILITY = YES;
				ENABLE_USER_SCRIPT_SANDBOXING = YES;
				GCC_C_LANGUAGE_STANDARD = gnu17;
				GCC_DYNAMIC_NO_PIC = NO;
				GCC_NO_COMMON_BLOCKS = YES;
				GCC_OPTIMIZATION_LEVEL = 0;
				GCC_PREPROCESSOR_DEFINITIONS = (
					"DEBUG=1",
					"$(inherited)",
				);
				GCC_WARN_64_TO_32_BIT_CONVERSION = YES;
				GCC_WARN_ABOUT_RETURN_TYPE = YES_ERROR;
				GCC_WARN_UNDECLARED_SELECTOR = YES;
				GCC_WARN_UNINITIALIZED_AUTOS = YES_AGGRESSIVE;
				GCC_WARN_UNUSED_FUNCTION = YES;
				GCC_WARN_UNUSED_VARIABLE = YES;
				LOCALIZATION_PREFERS_STRING_CATALOGS = YES;
				MTL_ENABLE_DEBUG_INFO = INCLUDE_SOURCE;
				MTL_FAST_MATH = YES;
				ONLY_ACTIVE_ARCH = YES;
				SWIFT_ACTIVE_COMPILATION_CONDITIONS = "DEBUG $(inherited)";
				SWIFT_OPTIMIZATION_LEVEL = "-Onone";
			};
			name = Debug;
		};
		D01B06412AD553CD0036E876 /* Release */ = {
			isa = XCBuildConfiguration;
			buildSettings = {
				ALWAYS_SEARCH_USER_PATHS = NO;
				ASSETCATALOG_COMPILER_GENERATE_SWIFT_ASSET_SYMBOL_EXTENSIONS = YES;
				CLANG_ANALYZER_NONNULL = YES;
				CLANG_ANALYZER_NUMBER_OBJECT_CONVERSION = YES_AGGRESSIVE;
				CLANG_CXX_LANGUAGE_STANDARD = "gnu++20";
				CLANG_ENABLE_MODULES = YES;
				CLANG_ENABLE_OBJC_ARC = YES;
				CLANG_ENABLE_OBJC_WEAK = YES;
				CLANG_WARN_BLOCK_CAPTURE_AUTORELEASING = YES;
				CLANG_WARN_BOOL_CONVERSION = YES;
				CLANG_WARN_COMMA = YES;
				CLANG_WARN_CONSTANT_CONVERSION = YES;
				CLANG_WARN_DEPRECATED_OBJC_IMPLEMENTATIONS = YES;
				CLANG_WARN_DIRECT_OBJC_ISA_USAGE = YES_ERROR;
				CLANG_WARN_DOCUMENTATION_COMMENTS = YES;
				CLANG_WARN_EMPTY_BODY = YES;
				CLANG_WARN_ENUM_CONVERSION = YES;
				CLANG_WARN_INFINITE_RECURSION = YES;
				CLANG_WARN_INT_CONVERSION = YES;
				CLANG_WARN_NON_LITERAL_NULL_CONVERSION = YES;
				CLANG_WARN_OBJC_IMPLICIT_RETAIN_SELF = YES;
				CLANG_WARN_OBJC_LITERAL_CONVERSION = YES;
				CLANG_WARN_OBJC_ROOT_CLASS = YES_ERROR;
				CLANG_WARN_QUOTED_INCLUDE_IN_FRAMEWORK_HEADER = YES;
				CLANG_WARN_RANGE_LOOP_ANALYSIS = YES;
				CLANG_WARN_STRICT_PROTOTYPES = YES;
				CLANG_WARN_SUSPICIOUS_MOVE = YES;
				CLANG_WARN_UNGUARDED_AVAILABILITY = YES_AGGRESSIVE;
				CLANG_WARN_UNREACHABLE_CODE = YES;
				CLANG_WARN__DUPLICATE_METHOD_MATCH = YES;
				COPY_PHASE_STRIP = NO;
				DEBUG_INFORMATION_FORMAT = "dwarf-with-dsym";
				ENABLE_NS_ASSERTIONS = NO;
				ENABLE_STRICT_OBJC_MSGSEND = YES;
				ENABLE_USER_SCRIPT_SANDBOXING = YES;
				GCC_C_LANGUAGE_STANDARD = gnu17;
				GCC_NO_COMMON_BLOCKS = YES;
				GCC_WARN_64_TO_32_BIT_CONVERSION = YES;
				GCC_WARN_ABOUT_RETURN_TYPE = YES_ERROR;
				GCC_WARN_UNDECLARED_SELECTOR = YES;
				GCC_WARN_UNINITIALIZED_AUTOS = YES_AGGRESSIVE;
				GCC_WARN_UNUSED_FUNCTION = YES;
				GCC_WARN_UNUSED_VARIABLE = YES;
				LOCALIZATION_PREFERS_STRING_CATALOGS = YES;
				MTL_ENABLE_DEBUG_INFO = NO;
				MTL_FAST_MATH = YES;
				SWIFT_COMPILATION_MODE = wholemodule;
			};
			name = Release;
		};
		D01B06432AD553CD0036E876 /* Debug */ = {
			isa = XCBuildConfiguration;
			buildSettings = {
				ASSETCATALOG_COMPILER_APPICON_NAME = AppIcon;
				ASSETCATALOG_COMPILER_GLOBAL_ACCENT_COLOR_NAME = AccentColor;
				CODE_SIGN_ENTITLEMENTS = spookCity/spookCity.entitlements;
				CODE_SIGN_STYLE = Automatic;
				CURRENT_PROJECT_VERSION = 1;
				DEVELOPMENT_ASSET_PATHS = "\"spookCity/Preview Content\"";
				ENABLE_PREVIEWS = YES;
				GENERATE_INFOPLIST_FILE = YES;
				"INFOPLIST_KEY_UIApplicationSceneManifest_Generation[sdk=iphoneos*]" = YES;
				"INFOPLIST_KEY_UIApplicationSceneManifest_Generation[sdk=iphonesimulator*]" = YES;
				"INFOPLIST_KEY_UIApplicationSupportsIndirectInputEvents[sdk=iphoneos*]" = YES;
				"INFOPLIST_KEY_UIApplicationSupportsIndirectInputEvents[sdk=iphonesimulator*]" = YES;
				"INFOPLIST_KEY_UILaunchScreen_Generation[sdk=iphoneos*]" = YES;
				"INFOPLIST_KEY_UILaunchScreen_Generation[sdk=iphonesimulator*]" = YES;
				"INFOPLIST_KEY_UIStatusBarStyle[sdk=iphoneos*]" = UIStatusBarStyleDefault;
				"INFOPLIST_KEY_UIStatusBarStyle[sdk=iphonesimulator*]" = UIStatusBarStyleDefault;
				INFOPLIST_KEY_UISupportedInterfaceOrientations_iPad = "UIInterfaceOrientationPortrait UIInterfaceOrientationPortraitUpsideDown UIInterfaceOrientationLandscapeLeft UIInterfaceOrientationLandscapeRight";
				INFOPLIST_KEY_UISupportedInterfaceOrientations_iPhone = "UIInterfaceOrientationPortrait UIInterfaceOrientationLandscapeLeft UIInterfaceOrientationLandscapeRight";
				IPHONEOS_DEPLOYMENT_TARGET = 17.0;
				LD_RUNPATH_SEARCH_PATHS = "@executable_path/Frameworks";
				"LD_RUNPATH_SEARCH_PATHS[sdk=macosx*]" = "@executable_path/../Frameworks";
				MACOSX_DEPLOYMENT_TARGET = 14.0;
				MARKETING_VERSION = 1.0;
				PRODUCT_BUNDLE_IDENTIFIER = com.example.spookcity.spookCity;
				PRODUCT_NAME = "$(TARGET_NAME)";
				SDKROOT = auto;
				SUPPORTED_PLATFORMS = "iphoneos iphonesimulator macosx";
				SWIFT_EMIT_LOC_STRINGS = YES;
				SWIFT_VERSION = 5.0;
				TARGETED_DEVICE_FAMILY = "1,2";
			};
			name = Debug;
		};
		D01B06442AD553CD0036E876 /* Release */ = {
			isa = XCBuildConfiguration;
			buildSettings = {
				ASSETCATALOG_COMPILER_APPICON_NAME = AppIcon;
				ASSETCATALOG_COMPILER_GLOBAL_ACCENT_COLOR_NAME = AccentColor;
				CODE_SIGN_ENTITLEMENTS = spookCity/spookCity.entitlements;
				CODE_SIGN_STYLE = Automatic;
				CURRENT_PROJECT_VERSION = 1;
				DEVELOPMENT_ASSET_PATHS = "\"spookCity/Preview Content\"";
				ENABLE_PREVIEWS = YES;
				GENERATE_INFOPLIST_FILE = YES;
				"INFOPLIST_KEY_UIApplicationSceneManifest_Generation[sdk=iphoneos*]" = YES;
				"INFOPLIST_KEY_UIApplicationSceneManifest_Generation[sdk=iphonesimulator*]" = YES;
				"INFOPLIST_KEY_UIApplicationSupportsIndirectInputEvents[sdk=iphoneos*]" = YES;
				"INFOPLIST_KEY_UIApplicationSupportsIndirectInputEvents[sdk=iphonesimulator*]" = YES;
				"INFOPLIST_KEY_UILaunchScreen_Generation[sdk=iphoneos*]" = YES;
				"INFOPLIST_KEY_UILaunchScreen_Generation[sdk=iphonesimulator*]" = YES;
				"INFOPLIST_KEY_UIStatusBarStyle[sdk=iphoneos*]" = UIStatusBarStyleDefault;
				"INFOPLIST_KEY_UIStatusBarStyle[sdk=iphonesimulator*]" = UIStatusBarStyleDefault;
				INFOPLIST_KEY_UISupportedInterfaceOrientations_iPad = "UIInterfaceOrientationPortrait UIInterfaceOrientationPortraitUpsideDown UIInterfaceOrientationLandscapeLeft UIInterfaceOrientationLandscapeRight";
				INFOPLIST_KEY_UISupportedInterfaceOrientations_iPhone = "UIInterfaceOrientationPortrait UIInterfaceOrientationLandscapeLeft UIInterfaceOrientationLandscapeRight";
				IPHONEOS_DEPLOYMENT_TARGET = 17.0;
				LD_RUNPATH_SEARCH_PATHS = "@executable_path/Frameworks";
				"LD_RUNPATH_SEARCH_PATHS[sdk=macosx*]" = "@executable_path/../Frameworks";
				MACOSX_DEPLOYMENT_TARGET = 14.0;
				MARKETING_VERSION = 1.0;
				PRODUCT_BUNDLE_IDENTIFIER = com.example.spookcity.spookCity;
				PRODUCT_NAME = "$(TARGET_NAME)";
				SDKROOT = auto;
				SUPPORTED_PLATFORMS = "iphoneos iphonesimulator macosx";
				SWIFT_EMIT_LOC_STRINGS = YES;
				SWIFT_VERSION = 5.0;
				TARGETED_DEVICE_FAMILY = "1,2";
			};
			name = Release;
		};
		D01B06462AD553CD0036E876 /* Debug */ = {
			isa = XCBuildConfiguration;
			buildSettings = {
				ALWAYS_EMBED_SWIFT_STANDARD_LIBRARIES = YES;
				BUNDLE_LOADER = "$(TEST_HOST)";
				CODE_SIGN_STYLE = Automatic;
				CURRENT_PROJECT_VERSION = 1;
				GENERATE_INFOPLIST_FILE = YES;
				IPHONEOS_DEPLOYMENT_TARGET = 17.0;
				MACOSX_DEPLOYMENT_TARGET = 14.0;
				MARKETING_VERSION = 1.0;
				PRODUCT_BUNDLE_IDENTIFIER = com.example.spookcity.spookCityTests;
				PRODUCT_NAME = "$(TARGET_NAME)";
				SDKROOT = auto;
				SUPPORTED_PLATFORMS = "iphoneos iphonesimulator macosx";
				SWIFT_EMIT_LOC_STRINGS = NO;
				SWIFT_VERSION = 5.0;
				TARGETED_DEVICE_FAMILY = "1,2";
				TEST_HOST = "$(BUILT_PRODUCTS_DIR)/spookCity.app/$(BUNDLE_EXECUTABLE_FOLDER_PATH)/spookCity";
			};
			name = Debug;
		};
		D01B06472AD553CD0036E876 /* Release */ = {
			isa = XCBuildConfiguration;
			buildSettings = {
				ALWAYS_EMBED_SWIFT_STANDARD_LIBRARIES = YES;
				BUNDLE_LOADER = "$(TEST_HOST)";
				CODE_SIGN_STYLE = Automatic;
				CURRENT_PROJECT_VERSION = 1;
				GENERATE_INFOPLIST_FILE = YES;
				IPHONEOS_DEPLOYMENT_TARGET = 17.0;
				MACOSX_DEPLOYMENT_TARGET = 14.0;
				MARKETING_VERSION = 1.0;
				PRODUCT_BUNDLE_IDENTIFIER = com.example.spookcity.spookCityTests;
				PRODUCT_NAME = "$(TARGET_NAME)";
				SDKROOT = auto;
				SUPPORTED_PLATFORMS = "iphoneos iphonesimulator macosx";
				SWIFT_EMIT_LOC_STRINGS = NO;
				SWIFT_VERSION = 5.0;
				TARGETED_DEVICE_FAMILY = "1,2";
				TEST_HOST = "$(BUILT_PRODUCTS_DIR)/spookCity.app/$(BUNDLE_EXECUTABLE_FOLDER_PATH)/spookCity";
			};
			name = Release;
		};
		D01B06492AD553CD0036E876 /* Debug */ = {
			isa = XCBuildConfiguration;
			buildSettings = {
				ALWAYS_EMBED_SWIFT_STANDARD_LIBRARIES = YES;
				CODE_SIGN_STYLE = Automatic;
				CURRENT_PROJECT_VERSION = 1;
				GENERATE_INFOPLIST_FILE = YES;
				IPHONEOS_DEPLOYMENT_TARGET = 17.0;
				MACOSX_DEPLOYMENT_TARGET = 14.0;
				MARKETING_VERSION = 1.0;
				PRODUCT_BUNDLE_IDENTIFIER = com.example.spookcity.spookCityUITests;
				PRODUCT_NAME = "$(TARGET_NAME)";
				SDKROOT = auto;
				SUPPORTED_PLATFORMS = "iphoneos iphonesimulator macosx";
				SWIFT_EMIT_LOC_STRINGS = NO;
				SWIFT_VERSION = 5.0;
				TARGETED_DEVICE_FAMILY = "1,2";
				TEST_TARGET_NAME = spookCity;
			};
			name = Debug;
		};
		D01B064A2AD553CD0036E876 /* Release */ = {
			isa = XCBuildConfiguration;
			buildSettings = {
				ALWAYS_EMBED_SWIFT_STANDARD_LIBRARIES = YES;
				CODE_SIGN_STYLE = Automatic;
				CURRENT_PROJECT_VERSION = 1;
				GENERATE_INFOPLIST_FILE = YES;
				IPHONEOS_DEPLOYMENT_TARGET = 17.0;
				MACOSX_DEPLOYMENT_TARGET = 14.0;
				MARKETING_VERSION = 1.0;
				PRODUCT_BUNDLE_IDENTIFIER = com.example.spookcity.spookCityUITests;
				PRODUCT_NAME = "$(TARGET_NAME)";
				SDKROOT = auto;
				SUPPORTED_PLATFORMS = "iphoneos iphonesimulator macosx";
				SWIFT_EMIT_LOC_STRINGS = NO;
				SWIFT_VERSION = 5.0;
				TARGETED_DEVICE_FAMILY = "1,2";
				TEST_TARGET_NAME = spookCity;
			};
			name = Release;
		};
/* End XCBuildConfiguration section */

/* Begin XCConfigurationList section */
		D01B06182AD553CB0036E876 /* Build configuration list for PBXProject "spookCity" */ = {
			isa = XCConfigurationList;
			buildConfigurations = (
				D01B06402AD553CD0036E876 /* Debug */,
				D01B06412AD553CD0036E876 /* Release */,
			);
			defaultConfigurationIsVisible = 0;
			defaultConfigurationName = Release;
		};
		D01B06422AD553CD0036E876 /* Build configuration list for PBXNativeTarget "spookCity" */ = {
			isa = XCConfigurationList;
			buildConfigurations = (
				D01B06432AD553CD0036E876 /* Debug */,
				D01B06442AD553CD0036E876 /* Release */,
			);
			defaultConfigurationIsVisible = 0;
			defaultConfigurationName = Release;
		};
		D01B06452AD553CD0036E876 /* Build configuration list for PBXNativeTarget "spookCityTests" */ = {
			isa = XCConfigurationList;
			buildConfigurations = (
				D01B06462AD553CD0036E876 /* Debug */,
				D01B06472AD553CD0036E876 /* Release */,
			);
			defaultConfigurationIsVisible = 0;
			defaultConfigurationName = Release;
		};
		D01B06482AD553CD0036E876 /* Build configuration list for PBXNativeTarget "spookCityUITests" */ = {
			isa = XCConfigurationList;
			buildConfigurations = (
				D01B06492AD553CD0036E876 /* Debug */,
				D01B064A2AD553CD0036E876 /* Release */,
			);
			defaultConfigurationIsVisible = 0;
			defaultConfigurationName = Release;
		};
/* End XCConfigurationList section */
	};
	rootObject = D01B06152AD553CB0036E876 /* Project object */;
}
